
Microsoft Visual Studio Solution File, Format Version 12.00
# Visual Studio Version 17
VisualStudioVersion = 17.11.35327.3
MinimumVisualStudioVersion = 10.0.40219.1
Project("{2150E333-8FDC-42A3-9474-1A3956D46DE8}") = "src", "src", "{D69DDC2B-8DB5-446A-8552-75138F24A848}"
EndProject
Project("{2150E333-8FDC-42A3-9474-1A3956D46DE8}") = "tests", "tests", "{B096394A-271B-4D06-B987-25A6D15523F7}"
EndProject
Project("{9A19103F-16F7-4668-BE54-9A1E7A4F7556}") = "Day06", "src\Day06\Day06.csproj", "{E4B14F54-D251-4D7F-9A26-D2A0C2D63A38}"
EndProject
Project("{9A19103F-16F7-4668-BE54-9A1E7A4F7556}") = "Day06.Tests", "tests\Day06.Tests\Day06.Tests.csproj", "{E60910E8-790D-4A0F-B29E-CDF89719E187}"
EndProject
Project("{9A19103F-16F7-4668-BE54-9A1E7A4F7556}") = "TestHelpers", "tests\TestHelpers\TestHelpers.csproj", "{CB7BC782-D99E-40D4-8032-D80EB378CBAD}"
EndProject
Project("{9A19103F-16F7-4668-BE54-9A1E7A4F7556}") = "Day02", "src\Day02\Day02.csproj", "{EA339958-5FC6-4BEF-95FB-A1BF9AE3081E}"
EndProject
Project("{9A19103F-16F7-4668-BE54-9A1E7A4F7556}") = "Day03", "src\Day03\Day03.csproj", "{AEE4E0EA-3CF8-49C2-A2D3-BCF480E07A55}"
EndProject
Project("{9A19103F-16F7-4668-BE54-9A1E7A4F7556}") = "Day04", "src\Day04\Day04.csproj", "{6BD73439-3973-40E6-A593-32041827C6FE}"
EndProject
Project("{9A19103F-16F7-4668-BE54-9A1E7A4F7556}") = "Day05", "src\Day05\Day05.csproj", "{C4AEDC30-3BA6-4845-8227-30EC8079ED9F}"
EndProject
Project("{9A19103F-16F7-4668-BE54-9A1E7A4F7556}") = "Day02.Tests", "tests\Day02.Tests\Day02.Tests.csproj", "{60B1F5E0-BAE2-41CA-9876-EBB5781AC77F}"
EndProject
Project("{9A19103F-16F7-4668-BE54-9A1E7A4F7556}") = "Day03.Test", "tests\Day03.Test\Day03.Test.csproj", "{B43D7F14-1C2E-46BA-A536-68D281CE8BA7}"
EndProject
Project("{9A19103F-16F7-4668-BE54-9A1E7A4F7556}") = "Day04.Tests", "tests\Day04.Tests\Day04.Tests.csproj", "{493AF0FE-8450-44C5-8831-25479CFC962E}"
EndProject
Project("{9A19103F-16F7-4668-BE54-9A1E7A4F7556}") = "Day05.Test", "tests\Day05.Tests\Day05.Test.csproj", "{EBA53E10-178E-47E2-86F9-A248FF7C0BDA}"
EndProject
Global
	GlobalSection(SolutionConfigurationPlatforms) = preSolution
		Debug|Any CPU = Debug|Any CPU
		Release|Any CPU = Release|Any CPU
	EndGlobalSection
	GlobalSection(ProjectConfigurationPlatforms) = postSolution
		{E4B14F54-D251-4D7F-9A26-D2A0C2D63A38}.Debug|Any CPU.ActiveCfg = Debug|Any CPU
		{E4B14F54-D251-4D7F-9A26-D2A0C2D63A38}.Debug|Any CPU.Build.0 = Debug|Any CPU
		{E4B14F54-D251-4D7F-9A26-D2A0C2D63A38}.Release|Any CPU.ActiveCfg = Release|Any CPU
		{E4B14F54-D251-4D7F-9A26-D2A0C2D63A38}.Release|Any CPU.Build.0 = Release|Any CPU
		{E60910E8-790D-4A0F-B29E-CDF89719E187}.Debug|Any CPU.ActiveCfg = Debug|Any CPU
		{E60910E8-790D-4A0F-B29E-CDF89719E187}.Debug|Any CPU.Build.0 = Debug|Any CPU
		{E60910E8-790D-4A0F-B29E-CDF89719E187}.Release|Any CPU.ActiveCfg = Release|Any CPU
		{E60910E8-790D-4A0F-B29E-CDF89719E187}.Release|Any CPU.Build.0 = Release|Any CPU
		{CB7BC782-D99E-40D4-8032-D80EB378CBAD}.Debug|Any CPU.ActiveCfg = Debug|Any CPU
		{CB7BC782-D99E-40D4-8032-D80EB378CBAD}.Debug|Any CPU.Build.0 = Debug|Any CPU
		{CB7BC782-D99E-40D4-8032-D80EB378CBAD}.Release|Any CPU.ActiveCfg = Release|Any CPU
		{CB7BC782-D99E-40D4-8032-D80EB378CBAD}.Release|Any CPU.Build.0 = Release|Any CPU
		{EA339958-5FC6-4BEF-95FB-A1BF9AE3081E}.Debug|Any CPU.ActiveCfg = Debug|Any CPU
		{EA339958-5FC6-4BEF-95FB-A1BF9AE3081E}.Debug|Any CPU.Build.0 = Debug|Any CPU
		{EA339958-5FC6-4BEF-95FB-A1BF9AE3081E}.Release|Any CPU.ActiveCfg = Release|Any CPU
		{EA339958-5FC6-4BEF-95FB-A1BF9AE3081E}.Release|Any CPU.Build.0 = Release|Any CPU
		{AEE4E0EA-3CF8-49C2-A2D3-BCF480E07A55}.Debug|Any CPU.ActiveCfg = Debug|Any CPU
		{AEE4E0EA-3CF8-49C2-A2D3-BCF480E07A55}.Debug|Any CPU.Build.0 = Debug|Any CPU
		{AEE4E0EA-3CF8-49C2-A2D3-BCF480E07A55}.Release|Any CPU.ActiveCfg = Release|Any CPU
		{AEE4E0EA-3CF8-49C2-A2D3-BCF480E07A55}.Release|Any CPU.Build.0 = Release|Any CPU
		{6BD73439-3973-40E6-A593-32041827C6FE}.Debug|Any CPU.ActiveCfg = Debug|Any CPU
		{6BD73439-3973-40E6-A593-32041827C6FE}.Debug|Any CPU.Build.0 = Debug|Any CPU
		{6BD73439-3973-40E6-A593-32041827C6FE}.Release|Any CPU.ActiveCfg = Release|Any CPU
		{6BD73439-3973-40E6-A593-32041827C6FE}.Release|Any CPU.Build.0 = Release|Any CPU
		{C4AEDC30-3BA6-4845-8227-30EC8079ED9F}.Debug|Any CPU.ActiveCfg = Debug|Any CPU
		{C4AEDC30-3BA6-4845-8227-30EC8079ED9F}.Debug|Any CPU.Build.0 = Debug|Any CPU
		{C4AEDC30-3BA6-4845-8227-30EC8079ED9F}.Release|Any CPU.ActiveCfg = Release|Any CPU
		{C4AEDC30-3BA6-4845-8227-30EC8079ED9F}.Release|Any CPU.Build.0 = Release|Any CPU
		{60B1F5E0-BAE2-41CA-9876-EBB5781AC77F}.Debug|Any CPU.ActiveCfg = Debug|Any CPU
		{60B1F5E0-BAE2-41CA-9876-EBB5781AC77F}.Debug|Any CPU.Build.0 = Debug|Any CPU
		{60B1F5E0-BAE2-41CA-9876-EBB5781AC77F}.Release|Any CPU.ActiveCfg = Release|Any CPU
		{60B1F5E0-BAE2-41CA-9876-EBB5781AC77F}.Release|Any CPU.Build.0 = Release|Any CPU
		{B43D7F14-1C2E-46BA-A536-68D281CE8BA7}.Debug|Any CPU.ActiveCfg = Debug|Any CPU
		{B43D7F14-1C2E-46BA-A536-68D281CE8BA7}.Debug|Any CPU.Build.0 = Debug|Any CPU
		{B43D7F14-1C2E-46BA-A536-68D281CE8BA7}.Release|Any CPU.ActiveCfg = Release|Any CPU
		{B43D7F14-1C2E-46BA-A536-68D281CE8BA7}.Release|Any CPU.Build.0 = Release|Any CPU
		{493AF0FE-8450-44C5-8831-25479CFC962E}.Debug|Any CPU.ActiveCfg = Debug|Any CPU
		{493AF0FE-8450-44C5-8831-25479CFC962E}.Debug|Any CPU.Build.0 = Debug|Any CPU
		{493AF0FE-8450-44C5-8831-25479CFC962E}.Release|Any CPU.ActiveCfg = Release|Any CPU
		{493AF0FE-8450-44C5-8831-25479CFC962E}.Release|Any CPU.Build.0 = Release|Any CPU
		{EBA53E10-178E-47E2-86F9-A248FF7C0BDA}.Debug|Any CPU.ActiveCfg = Debug|Any CPU
		{EBA53E10-178E-47E2-86F9-A248FF7C0BDA}.Debug|Any CPU.Build.0 = Debug|Any CPU
		{EBA53E10-178E-47E2-86F9-A248FF7C0BDA}.Release|Any CPU.ActiveCfg = Release|Any CPU
		{EBA53E10-178E-47E2-86F9-A248FF7C0BDA}.Release|Any CPU.Build.0 = Release|Any CPU
	EndGlobalSection
	GlobalSection(SolutionProperties) = preSolution
		HideSolutionNode = FALSE
	EndGlobalSection
	GlobalSection(NestedProjects) = preSolution
		{E4B14F54-D251-4D7F-9A26-D2A0C2D63A38} = {D69DDC2B-8DB5-446A-8552-75138F24A848}
		{E60910E8-790D-4A0F-B29E-CDF89719E187} = {B096394A-271B-4D06-B987-25A6D15523F7}
		{CB7BC782-D99E-40D4-8032-D80EB378CBAD} = {B096394A-271B-4D06-B987-25A6D15523F7}
		{EA339958-5FC6-4BEF-95FB-A1BF9AE3081E} = {D69DDC2B-8DB5-446A-8552-75138F24A848}
		{AEE4E0EA-3CF8-49C2-A2D3-BCF480E07A55} = {D69DDC2B-8DB5-446A-8552-75138F24A848}
		{6BD73439-3973-40E6-A593-32041827C6FE} = {D69DDC2B-8DB5-446A-8552-75138F24A848}
		{C4AEDC30-3BA6-4845-8227-30EC8079ED9F} = {D69DDC2B-8DB5-446A-8552-75138F24A848}
		{60B1F5E0-BAE2-41CA-9876-EBB5781AC77F} = {B096394A-271B-4D06-B987-25A6D15523F7}
		{B43D7F14-1C2E-46BA-A536-68D281CE8BA7} = {B096394A-271B-4D06-B987-25A6D15523F7}
		{493AF0FE-8450-44C5-8831-25479CFC962E} = {B096394A-271B-4D06-B987-25A6D15523F7}
		{EBA53E10-178E-47E2-86F9-A248FF7C0BDA} = {B096394A-271B-4D06-B987-25A6D15523F7}
	EndGlobalSection
	GlobalSection(ExtensibilityGlobals) = postSolution
		SolutionGuid = {F1F62C81-F002-4232-B4F6-A4124D3C2236}
	EndGlobalSection
EndGlobal
