
Microsoft Visual Studio Solution File, Format Version 12.00
# Visual Studio Version 17
VisualStudioVersion = 17.11.35327.3
MinimumVisualStudioVersion = 10.0.40219.1
Project("{2150E333-8FDC-42A3-9474-1A3956D46DE8}") = "src", "src", "{D69DDC2B-8DB5-446A-8552-75138F24A848}"
EndProject
Project("{2150E333-8FDC-42A3-9474-1A3956D46DE8}") = "Day02", "Day02", "{32CC5362-D258-4431-AEDE-8BE30A2AD9E7}"
EndProject
Project("{9A19103F-16F7-4668-BE54-9A1E7A4F7556}") = "Day02", "src\Day_02\Day02.csproj", "{579B970E-5A75-401A-868E-2385BAC9C1ED}"
EndProject
Project("{2150E333-8FDC-42A3-9474-1A3956D46DE8}") = "tests", "tests", "{B096394A-271B-4D06-B987-25A6D15523F7}"
EndProject
Project("{2150E333-8FDC-42A3-9474-1A3956D46DE8}") = "Day02", "Day02", "{5E71CF8A-7E40-4068-B20C-F3FF597BE0E8}"
EndProject
Project("{FAE04EC0-301F-11D3-BF4B-00C04F79EFBC}") = "Day02Test", "tests\Day_02\SolutionTest\Day02Test.csproj", "{D72D18E0-C0E7-4D1B-9510-6C27593D5B8D}"
EndProject
Project("{2150E333-8FDC-42A3-9474-1A3956D46DE8}") = "Day03", "Day03", "{D9943584-78D4-4015-9135-72741E266C89}"
EndProject
Project("{FAE04EC0-301F-11D3-BF4B-00C04F79EFBC}") = "Day03Test", "tests\Day03Test\Day03Test.csproj", "{3E2DCE75-BDDE-49E6-898F-1E816ACD095F}"
EndProject
Project("{2150E333-8FDC-42A3-9474-1A3956D46DE8}") = "Day03", "Day03", "{52BE65F4-DB8C-4F66-9250-A66DC6FB5B4E}"
EndProject
Project("{9A19103F-16F7-4668-BE54-9A1E7A4F7556}") = "Day03", "src\Day03\Day03.csproj", "{ECBC6297-D690-4B2B-AC58-435B491D2F9C}"
EndProject
Project("{2150E333-8FDC-42A3-9474-1A3956D46DE8}") = "Day04", "Day04", "{937C2FA8-579F-4F79-A893-3F59331E65FD}"
EndProject
Project("{FAE04EC0-301F-11D3-BF4B-00C04F79EFBC}") = "Day04", "src\Day04\Day04\Day04.csproj", "{F972B9A2-77A9-4F9D-B5B0-61208FF21592}"
EndProject
Project("{2150E333-8FDC-42A3-9474-1A3956D46DE8}") = "Day04", "Day04", "{532E4238-B87E-4891-85AB-926E77A14C3B}"
EndProject
Project("{FAE04EC0-301F-11D3-BF4B-00C04F79EFBC}") = "Day04", "tests\Day04\Day04\Day04.csproj", "{81E8518E-0676-4ADA-BD47-6166E0B7385A}"
EndProject
Project("{FAE04EC0-301F-11D3-BF4B-00C04F79EFBC}") = "Run", "src\Day04\Day04\Run\Run.csproj", "{E9E2DCA3-B704-4973-8DAC-D4C045A1C4F4}"
EndProject
Project("{2150E333-8FDC-42A3-9474-1A3956D46DE8}") = "Day05", "Day05", "{7CADB610-7F69-4669-B88A-E717AFBB9354}"
EndProject
Project("{FAE04EC0-301F-11D3-BF4B-00C04F79EFBC}") = "Day05", "src\Day05\Day05\Day05.csproj", "{B927CD17-DCD8-4E94-B0FD-92D2E73B519E}"
EndProject
Project("{2150E333-8FDC-42A3-9474-1A3956D46DE8}") = "Day05", "Day05", "{88932974-524E-4B90-A7A1-809EC78A864E}"
EndProject
Project("{FAE04EC0-301F-11D3-BF4B-00C04F79EFBC}") = "Day05Test", "tests\Day05\Day05Test\Day05Test.csproj", "{B1158B63-1CD6-43BC-8A3E-6715F3306B00}"
EndProject
Global
	GlobalSection(SolutionConfigurationPlatforms) = preSolution
		Debug|Any CPU = Debug|Any CPU
		Release|Any CPU = Release|Any CPU
	EndGlobalSection
	GlobalSection(ProjectConfigurationPlatforms) = postSolution
		{579B970E-5A75-401A-868E-2385BAC9C1ED}.Debug|Any CPU.ActiveCfg = Debug|Any CPU
		{579B970E-5A75-401A-868E-2385BAC9C1ED}.Debug|Any CPU.Build.0 = Debug|Any CPU
		{579B970E-5A75-401A-868E-2385BAC9C1ED}.Release|Any CPU.ActiveCfg = Release|Any CPU
		{579B970E-5A75-401A-868E-2385BAC9C1ED}.Release|Any CPU.Build.0 = Release|Any CPU
		{D72D18E0-C0E7-4D1B-9510-6C27593D5B8D}.Debug|Any CPU.ActiveCfg = Debug|Any CPU
		{D72D18E0-C0E7-4D1B-9510-6C27593D5B8D}.Debug|Any CPU.Build.0 = Debug|Any CPU
		{D72D18E0-C0E7-4D1B-9510-6C27593D5B8D}.Release|Any CPU.ActiveCfg = Release|Any CPU
		{D72D18E0-C0E7-4D1B-9510-6C27593D5B8D}.Release|Any CPU.Build.0 = Release|Any CPU
		{3E2DCE75-BDDE-49E6-898F-1E816ACD095F}.Debug|Any CPU.ActiveCfg = Debug|Any CPU
		{3E2DCE75-BDDE-49E6-898F-1E816ACD095F}.Debug|Any CPU.Build.0 = Debug|Any CPU
		{3E2DCE75-BDDE-49E6-898F-1E816ACD095F}.Release|Any CPU.ActiveCfg = Release|Any CPU
		{3E2DCE75-BDDE-49E6-898F-1E816ACD095F}.Release|Any CPU.Build.0 = Release|Any CPU
		{ECBC6297-D690-4B2B-AC58-435B491D2F9C}.Debug|Any CPU.ActiveCfg = Debug|Any CPU
		{ECBC6297-D690-4B2B-AC58-435B491D2F9C}.Debug|Any CPU.Build.0 = Debug|Any CPU
		{ECBC6297-D690-4B2B-AC58-435B491D2F9C}.Release|Any CPU.ActiveCfg = Release|Any CPU
		{ECBC6297-D690-4B2B-AC58-435B491D2F9C}.Release|Any CPU.Build.0 = Release|Any CPU
		{F972B9A2-77A9-4F9D-B5B0-61208FF21592}.Debug|Any CPU.ActiveCfg = Debug|Any CPU
		{F972B9A2-77A9-4F9D-B5B0-61208FF21592}.Debug|Any CPU.Build.0 = Debug|Any CPU
		{F972B9A2-77A9-4F9D-B5B0-61208FF21592}.Release|Any CPU.ActiveCfg = Release|Any CPU
		{F972B9A2-77A9-4F9D-B5B0-61208FF21592}.Release|Any CPU.Build.0 = Release|Any CPU
		{81E8518E-0676-4ADA-BD47-6166E0B7385A}.Debug|Any CPU.ActiveCfg = Debug|Any CPU
		{81E8518E-0676-4ADA-BD47-6166E0B7385A}.Debug|Any CPU.Build.0 = Debug|Any CPU
		{81E8518E-0676-4ADA-BD47-6166E0B7385A}.Release|Any CPU.ActiveCfg = Release|Any CPU
		{81E8518E-0676-4ADA-BD47-6166E0B7385A}.Release|Any CPU.Build.0 = Release|Any CPU
		{E9E2DCA3-B704-4973-8DAC-D4C045A1C4F4}.Debug|Any CPU.ActiveCfg = Debug|Any CPU
		{E9E2DCA3-B704-4973-8DAC-D4C045A1C4F4}.Debug|Any CPU.Build.0 = Debug|Any CPU
		{E9E2DCA3-B704-4973-8DAC-D4C045A1C4F4}.Release|Any CPU.ActiveCfg = Release|Any CPU
		{E9E2DCA3-B704-4973-8DAC-D4C045A1C4F4}.Release|Any CPU.Build.0 = Release|Any CPU
		{B927CD17-DCD8-4E94-B0FD-92D2E73B519E}.Debug|Any CPU.ActiveCfg = Debug|Any CPU
		{B927CD17-DCD8-4E94-B0FD-92D2E73B519E}.Debug|Any CPU.Build.0 = Debug|Any CPU
		{B927CD17-DCD8-4E94-B0FD-92D2E73B519E}.Release|Any CPU.ActiveCfg = Release|Any CPU
		{B927CD17-DCD8-4E94-B0FD-92D2E73B519E}.Release|Any CPU.Build.0 = Release|Any CPU
		{B1158B63-1CD6-43BC-8A3E-6715F3306B00}.Debug|Any CPU.ActiveCfg = Debug|Any CPU
		{B1158B63-1CD6-43BC-8A3E-6715F3306B00}.Debug|Any CPU.Build.0 = Debug|Any CPU
		{B1158B63-1CD6-43BC-8A3E-6715F3306B00}.Release|Any CPU.ActiveCfg = Release|Any CPU
		{B1158B63-1CD6-43BC-8A3E-6715F3306B00}.Release|Any CPU.Build.0 = Release|Any CPU
	EndGlobalSection
	GlobalSection(SolutionProperties) = preSolution
		HideSolutionNode = FALSE
	EndGlobalSection
	GlobalSection(NestedProjects) = preSolution
		{32CC5362-D258-4431-AEDE-8BE30A2AD9E7} = {D69DDC2B-8DB5-446A-8552-75138F24A848}
		{579B970E-5A75-401A-868E-2385BAC9C1ED} = {32CC5362-D258-4431-AEDE-8BE30A2AD9E7}
		{5E71CF8A-7E40-4068-B20C-F3FF597BE0E8} = {B096394A-271B-4D06-B987-25A6D15523F7}
		{D72D18E0-C0E7-4D1B-9510-6C27593D5B8D} = {5E71CF8A-7E40-4068-B20C-F3FF597BE0E8}
		{D9943584-78D4-4015-9135-72741E266C89} = {B096394A-271B-4D06-B987-25A6D15523F7}
		{3E2DCE75-BDDE-49E6-898F-1E816ACD095F} = {D9943584-78D4-4015-9135-72741E266C89}
		{52BE65F4-DB8C-4F66-9250-A66DC6FB5B4E} = {D69DDC2B-8DB5-446A-8552-75138F24A848}
		{ECBC6297-D690-4B2B-AC58-435B491D2F9C} = {52BE65F4-DB8C-4F66-9250-A66DC6FB5B4E}
		{937C2FA8-579F-4F79-A893-3F59331E65FD} = {D69DDC2B-8DB5-446A-8552-75138F24A848}
		{F972B9A2-77A9-4F9D-B5B0-61208FF21592} = {937C2FA8-579F-4F79-A893-3F59331E65FD}
		{532E4238-B87E-4891-85AB-926E77A14C3B} = {B096394A-271B-4D06-B987-25A6D15523F7}
		{81E8518E-0676-4ADA-BD47-6166E0B7385A} = {532E4238-B87E-4891-85AB-926E77A14C3B}
		{E9E2DCA3-B704-4973-8DAC-D4C045A1C4F4} = {937C2FA8-579F-4F79-A893-3F59331E65FD}
		{7CADB610-7F69-4669-B88A-E717AFBB9354} = {D69DDC2B-8DB5-446A-8552-75138F24A848}
		{B927CD17-DCD8-4E94-B0FD-92D2E73B519E} = {7CADB610-7F69-4669-B88A-E717AFBB9354}
		{88932974-524E-4B90-A7A1-809EC78A864E} = {B096394A-271B-4D06-B987-25A6D15523F7}
		{B1158B63-1CD6-43BC-8A3E-6715F3306B00} = {88932974-524E-4B90-A7A1-809EC78A864E}
	EndGlobalSection
	GlobalSection(ExtensibilityGlobals) = postSolution
		SolutionGuid = {F1F62C81-F002-4232-B4F6-A4124D3C2236}
	EndGlobalSection
EndGlobal
